
Microsoft Visual Studio Solution File, Format Version 12.00
# Visual Studio Version 16
VisualStudioVersion = 16.0.30907.101
MinimumVisualStudioVersion = 10.0.40219.1
Project("{FAE04EC0-301F-11D3-BF4B-00C04F79EFBC}") = "ClassDemoTracingAndConfiguration", "ClassDemoTracingAndConfiguration\ClassDemoTracingAndConfiguration.csproj", "{DCF4ED75-DB84-4DA1-94BE-94D40485D480}"
EndProject
Global
	GlobalSection(SolutionConfigurationPlatforms) = preSolution
		Debug|Any CPU = Debug|Any CPU
		Release|Any CPU = Release|Any CPU
	EndGlobalSection
	GlobalSection(ProjectConfigurationPlatforms) = postSolution
		{DCF4ED75-DB84-4DA1-94BE-94D40485D480}.Debug|Any CPU.ActiveCfg = Debug|Any CPU
		{DCF4ED75-DB84-4DA1-94BE-94D40485D480}.Debug|Any CPU.Build.0 = Debug|Any CPU
		{DCF4ED75-DB84-4DA1-94BE-94D40485D480}.Release|Any CPU.ActiveCfg = Release|Any CPU
		{DCF4ED75-DB84-4DA1-94BE-94D40485D480}.Release|Any CPU.Build.0 = Release|Any CPU
	EndGlobalSection
	GlobalSection(SolutionProperties) = preSolution
		HideSolutionNode = FALSE
	EndGlobalSection
	GlobalSection(ExtensibilityGlobals) = postSolution
		SolutionGuid = {B010D780-EE27-450D-A129-DDDDE3092648}
	EndGlobalSection
EndGlobal
